{
    "_readme": [
        "This file locks the dependencies of your project to a known state",
        "Read more about it at https://getcomposer.org/doc/01-basic-usage.md#installing-dependencies",
        "This file is @generated automatically"
    ],
    "content-hash": "b7ca79c9f03d95e73b5beb7dc51f7968",
    "packages": [],
    "packages-dev": [
        {
            "name": "dealerdirect/phpcodesniffer-composer-installer",
            "version": "v0.7.1",
            "source": {
                "type": "git",
                "url": "https://github.com/Dealerdirect/phpcodesniffer-composer-installer.git",
                "reference": "fe390591e0241955f22eb9ba327d137e501c771c"
            },
            "dist": {
                "type": "zip",
                "url": "https://api.github.com/repos/Dealerdirect/phpcodesniffer-composer-installer/zipball/fe390591e0241955f22eb9ba327d137e501c771c",
                "reference": "fe390591e0241955f22eb9ba327d137e501c771c",
                "shasum": ""
            },
            "require": {
                "composer-plugin-api": "^1.0 || ^2.0",
                "php": ">=5.3",
                "squizlabs/php_codesniffer": "^2.0 || ^3.0 || ^4.0"
            },
            "require-dev": {
                "composer/composer": "*",
                "phpcompatibility/php-compatibility": "^9.0",
                "sensiolabs/security-checker": "^4.1.0"
            },
            "type": "composer-plugin",
            "extra": {
                "class": "Dealerdirect\\Composer\\Plugin\\Installers\\PHPCodeSniffer\\Plugin"
            },
            "autoload": {
                "psr-4": {
                    "Dealerdirect\\Composer\\Plugin\\Installers\\PHPCodeSniffer\\": "src/"
                }
            },
            "notification-url": "https://packagist.org/downloads/",
            "license": [
                "MIT"
            ],
            "authors": [
                {
                    "name": "Franck Nijhof",
                    "email": "franck.nijhof@dealerdirect.com",
                    "homepage": "http://www.frenck.nl",
                    "role": "Developer / IT Manager"
                }
            ],
            "description": "PHP_CodeSniffer Standards Composer Installer Plugin",
            "homepage": "http://www.dealerdirect.com",
            "keywords": [
                "PHPCodeSniffer",
                "PHP_CodeSniffer",
                "code quality",
                "codesniffer",
                "composer",
                "installer",
                "phpcs",
                "plugin",
                "qa",
                "quality",
                "standard",
                "standards",
                "style guide",
                "stylecheck",
                "tests"
            ],
            "support": {
                "issues": "https://github.com/dealerdirect/phpcodesniffer-composer-installer/issues",
                "source": "https://github.com/dealerdirect/phpcodesniffer-composer-installer"
            },
            "time": "2020-12-07T18:04:37+00:00"
        },
        {
            "name": "mentosmenno2/coding-standards",
            "version": "v1.0.5",
            "source": {
                "type": "git",
                "url": "https://github.com/mentosmenno2/coding-standards.git",
                "reference": "2e236c0fe14a36217959b19cc790a1efb5324624"
            },
            "require": {
                "dealerdirect/phpcodesniffer-composer-installer": "^0.7.1",
                "phpcompatibility/php-compatibility": "^9.3",
                "wp-coding-standards/wpcs": "^2.3"
            },
            "type": "phpcodesniffer-standard",
            "scripts": {
                "install-codestandards": [
                    "Dealerdirect\\Composer\\Plugin\\Installers\\PHPCodeSniffer\\Plugin::run"
                ],
                "test": [
                    "composer validate"
                ]
            },
            "license": [
                "proprietary"
            ],
            "authors": [
                {
                    "name": "mentosmenno2",
                    "email": "mentosmenno2@hotmail.com"
                }
            ],
            "description": "Menno van den Ende Coding Standards",
            "time": "2021-02-27T21:47:27+00:00"
        },
        {
            "name": "niels-de-blaauw/php-doc-check",
            "version": "v0.2.2",
            "source": {
                "type": "git",
                "url": "https://github.com/NielsdeBlaauw/php-doc-check.git",
                "reference": "c0262fb76db3ed3f93ae0a2857bf41b695ec3b62"
            },
            "dist": {
                "type": "zip",
                "url": "https://api.github.com/repos/NielsdeBlaauw/php-doc-check/zipball/c0262fb76db3ed3f93ae0a2857bf41b695ec3b62",
                "reference": "c0262fb76db3ed3f93ae0a2857bf41b695ec3b62",
                "shasum": ""
            },
            "require": {
                "nikic/php-parser": "^4.2",
                "ulrichsg/getopt-php": "^3.2",
                "wp-cli/php-cli-tools": "^0.11.11"
            },
            "require-dev": {
                "humbug/box": "^3.4",
                "phpmd/phpmd": "^2.6",
                "phpstan/phpstan": "^0.11.1",
                "phpunit/phpunit": "^7.5",
                "squizlabs/php_codesniffer": "^3.4"
            },
            "bin": [
                "bin/php-doc-check"
            ],
            "type": "library",
            "autoload": {
                "psr-4": {
                    "NdB\\PhpDocCheck\\": "src"
                }
            },
            "notification-url": "https://packagist.org/downloads/",
            "license": [
                "MIT"
            ],
            "authors": [
                {
                    "name": "Niels de Blaauw",
                    "email": "niels.de.blaauw@gmail.com"
                }
            ],
            "description": "Command line tool that identifies code that needs documentation.",
            "support": {
                "issues": "https://github.com/NielsdeBlaauw/php-doc-check/issues",
                "source": "https://github.com/NielsdeBlaauw/php-doc-check/tree/master"
            },
            "time": "2019-02-10T20:38:29+00:00"
        },
        {
            "name": "nikic/php-parser",
            "version": "v4.12.0",
            "source": {
                "type": "git",
                "url": "https://github.com/nikic/PHP-Parser.git",
                "reference": "6608f01670c3cc5079e18c1dab1104e002579143"
            },
            "dist": {
                "type": "zip",
                "url": "https://api.github.com/repos/nikic/PHP-Parser/zipball/6608f01670c3cc5079e18c1dab1104e002579143",
                "reference": "6608f01670c3cc5079e18c1dab1104e002579143",
                "shasum": ""
            },
            "require": {
                "ext-tokenizer": "*",
                "php": ">=7.0"
            },
            "require-dev": {
                "ircmaxell/php-yacc": "^0.0.7",
                "phpunit/phpunit": "^6.5 || ^7.0 || ^8.0 || ^9.0"
            },
            "bin": [
                "bin/php-parse"
            ],
            "type": "library",
            "extra": {
                "branch-alias": {
                    "dev-master": "4.9-dev"
                }
            },
            "autoload": {
                "psr-4": {
                    "PhpParser\\": "lib/PhpParser"
                }
            },
            "notification-url": "https://packagist.org/downloads/",
            "license": [
                "BSD-3-Clause"
            ],
            "authors": [
                {
                    "name": "Nikita Popov"
                }
            ],
            "description": "A PHP parser written in PHP",
            "keywords": [
                "parser",
                "php"
            ],
            "support": {
                "issues": "https://github.com/nikic/PHP-Parser/issues",
                "source": "https://github.com/nikic/PHP-Parser/tree/v4.12.0"
            },
            "time": "2021-07-21T10:44:31+00:00"
        },
        {
            "name": "phpcompatibility/php-compatibility",
            "version": "9.3.5",
            "source": {
                "type": "git",
                "url": "https://github.com/PHPCompatibility/PHPCompatibility.git",
                "reference": "9fb324479acf6f39452e0655d2429cc0d3914243"
            },
            "dist": {
                "type": "zip",
                "url": "https://api.github.com/repos/PHPCompatibility/PHPCompatibility/zipball/9fb324479acf6f39452e0655d2429cc0d3914243",
                "reference": "9fb324479acf6f39452e0655d2429cc0d3914243",
                "shasum": ""
            },
            "require": {
                "php": ">=5.3",
                "squizlabs/php_codesniffer": "^2.3 || ^3.0.2"
            },
            "conflict": {
                "squizlabs/php_codesniffer": "2.6.2"
            },
            "require-dev": {
                "phpunit/phpunit": "~4.5 || ^5.0 || ^6.0 || ^7.0"
            },
            "suggest": {
                "dealerdirect/phpcodesniffer-composer-installer": "^0.5 || This Composer plugin will sort out the PHPCS 'installed_paths' automatically.",
                "roave/security-advisories": "dev-master || Helps prevent installing dependencies with known security issues."
            },
            "type": "phpcodesniffer-standard",
            "notification-url": "https://packagist.org/downloads/",
            "license": [
                "LGPL-3.0-or-later"
            ],
            "authors": [
                {
                    "name": "Wim Godden",
                    "homepage": "https://github.com/wimg",
                    "role": "lead"
                },
                {
                    "name": "Juliette Reinders Folmer",
                    "homepage": "https://github.com/jrfnl",
                    "role": "lead"
                },
                {
                    "name": "Contributors",
                    "homepage": "https://github.com/PHPCompatibility/PHPCompatibility/graphs/contributors"
                }
            ],
            "description": "A set of sniffs for PHP_CodeSniffer that checks for PHP cross-version compatibility.",
            "homepage": "http://techblog.wimgodden.be/tag/codesniffer/",
            "keywords": [
                "compatibility",
                "phpcs",
                "standards"
            ],
            "support": {
                "issues": "https://github.com/PHPCompatibility/PHPCompatibility/issues",
                "source": "https://github.com/PHPCompatibility/PHPCompatibility"
            },
            "time": "2019-12-27T09:44:58+00:00"
        },
        {
            "name": "psalm/phar",
            "version": "4.10.0",
            "source": {
                "type": "git",
                "url": "https://github.com/psalm/phar.git",
                "reference": "79c5b2210e1a1cabeee671db1160c96869572d08"
            },
            "dist": {
                "type": "zip",
                "url": "https://api.github.com/repos/psalm/phar/zipball/79c5b2210e1a1cabeee671db1160c96869572d08",
                "reference": "79c5b2210e1a1cabeee671db1160c96869572d08",
                "shasum": ""
            },
            "require": {
                "php": "^7.1 || ^8.0"
            },
            "conflict": {
                "vimeo/psalm": "*"
            },
            "bin": [
                "psalm.phar"
            ],
            "type": "library",
            "notification-url": "https://packagist.org/downloads/",
            "license": [
                "MIT"
            ],
            "description": "Composer-based Psalm Phar",
            "support": {
                "issues": "https://github.com/psalm/phar/issues",
                "source": "https://github.com/psalm/phar/tree/4.10.0"
            },
            "time": "2021-09-05T00:07:08+00:00"
        },
        {
            "name": "squizlabs/php_codesniffer",
            "version": "3.6.0",
            "source": {
                "type": "git",
                "url": "https://github.com/squizlabs/PHP_CodeSniffer.git",
                "reference": "ffced0d2c8fa8e6cdc4d695a743271fab6c38625"
            },
            "dist": {
                "type": "zip",
                "url": "https://api.github.com/repos/squizlabs/PHP_CodeSniffer/zipball/ffced0d2c8fa8e6cdc4d695a743271fab6c38625",
                "reference": "ffced0d2c8fa8e6cdc4d695a743271fab6c38625",
                "shasum": ""
            },
            "require": {
                "ext-simplexml": "*",
                "ext-tokenizer": "*",
                "ext-xmlwriter": "*",
                "php": ">=5.4.0"
            },
            "require-dev": {
                "phpunit/phpunit": "^4.0 || ^5.0 || ^6.0 || ^7.0"
            },
            "bin": [
                "bin/phpcs",
                "bin/phpcbf"
            ],
            "type": "library",
            "extra": {
                "branch-alias": {
                    "dev-master": "3.x-dev"
                }
            },
            "notification-url": "https://packagist.org/downloads/",
            "license": [
                "BSD-3-Clause"
            ],
            "authors": [
                {
                    "name": "Greg Sherwood",
                    "role": "lead"
                }
            ],
            "description": "PHP_CodeSniffer tokenizes PHP, JavaScript and CSS files and detects violations of a defined set of coding standards.",
            "homepage": "https://github.com/squizlabs/PHP_CodeSniffer",
            "keywords": [
                "phpcs",
                "standards"
            ],
            "support": {
                "issues": "https://github.com/squizlabs/PHP_CodeSniffer/issues",
                "source": "https://github.com/squizlabs/PHP_CodeSniffer",
                "wiki": "https://github.com/squizlabs/PHP_CodeSniffer/wiki"
            },
            "time": "2021-04-09T00:54:41+00:00"
        },
        {
            "name": "ulrichsg/getopt-php",
            "version": "v3.4.0",
            "source": {
                "type": "git",
                "url": "https://github.com/getopt-php/getopt-php.git",
                "reference": "9121d7c2c51a6a59ee407c49a13b4d8cfae71075"
            },
            "dist": {
                "type": "zip",
                "url": "https://api.github.com/repos/getopt-php/getopt-php/zipball/9121d7c2c51a6a59ee407c49a13b4d8cfae71075",
                "reference": "9121d7c2c51a6a59ee407c49a13b4d8cfae71075",
                "shasum": ""
            },
            "require": {
                "ext-mbstring": "*",
                "php": ">=5.4.0"
            },
            "require-dev": {
                "phpunit/phpunit": "^4.8",
                "squizlabs/php_codesniffer": "^2.7"
            },
            "type": "library",
            "autoload": {
                "psr-4": {
                    "GetOpt\\": "src"
                }
            },
            "notification-url": "https://packagist.org/downloads/",
            "license": [
                "MIT"
            ],
            "authors": [
                {
                    "name": "Ulrich Schmidt-Goertz",
                    "email": "ulrich@schmidt-goertz.de"
                },
                {
                    "name": "Thomas Flori",
                    "email": "thflori@gmail.com"
                }
            ],
            "description": "Command line arguments parser for PHP 5.4 - 7.3",
            "homepage": "http://getopt-php.github.io/getopt-php",
            "support": {
                "issues": "https://github.com/getopt-php/getopt-php/issues",
                "source": "https://github.com/getopt-php/getopt-php/tree/v3.4.0"
            },
            "time": "2020-07-14T06:09:04+00:00"
        },
        {
            "name": "wp-cli/php-cli-tools",
            "version": "v0.11.13",
            "source": {
                "type": "git",
                "url": "https://github.com/wp-cli/php-cli-tools.git",
                "reference": "a2866855ac1abc53005c102e901553ad5772dc04"
            },
            "dist": {
                "type": "zip",
                "url": "https://api.github.com/repos/wp-cli/php-cli-tools/zipball/a2866855ac1abc53005c102e901553ad5772dc04",
                "reference": "a2866855ac1abc53005c102e901553ad5772dc04",
                "shasum": ""
            },
            "require": {
                "php": ">= 5.3.0"
            },
            "type": "library",
            "autoload": {
                "psr-0": {
                    "cli": "lib/"
                },
                "files": [
                    "lib/cli/cli.php"
                ]
            },
            "notification-url": "https://packagist.org/downloads/",
            "license": [
                "MIT"
            ],
            "authors": [
                {
                    "name": "Daniel Bachhuber",
                    "email": "daniel@handbuilt.co",
                    "role": "Maintainer"
                },
                {
                    "name": "James Logsdon",
                    "email": "jlogsdon@php.net",
                    "role": "Developer"
                }
            ],
            "description": "Console utilities for PHP",
            "homepage": "http://github.com/wp-cli/php-cli-tools",
            "keywords": [
                "cli",
                "console"
            ],
            "support": {
                "issues": "https://github.com/wp-cli/php-cli-tools/issues",
                "source": "https://github.com/wp-cli/php-cli-tools/tree/v0.11.13"
            },
            "time": "2021-07-01T15:08:16+00:00"
        },
        {
            "name": "wp-coding-standards/wpcs",
            "version": "2.3.0",
            "source": {
                "type": "git",
                "url": "https://github.com/WordPress/WordPress-Coding-Standards.git",
                "reference": "7da1894633f168fe244afc6de00d141f27517b62"
            },
            "dist": {
                "type": "zip",
                "url": "https://api.github.com/repos/WordPress/WordPress-Coding-Standards/zipball/7da1894633f168fe244afc6de00d141f27517b62",
                "reference": "7da1894633f168fe244afc6de00d141f27517b62",
                "shasum": ""
            },
            "require": {
                "php": ">=5.4",
                "squizlabs/php_codesniffer": "^3.3.1"
            },
            "require-dev": {
                "dealerdirect/phpcodesniffer-composer-installer": "^0.5 || ^0.6",
                "phpcompatibility/php-compatibility": "^9.0",
                "phpcsstandards/phpcsdevtools": "^1.0",
                "phpunit/phpunit": "^4.0 || ^5.0 || ^6.0 || ^7.0"
            },
            "suggest": {
                "dealerdirect/phpcodesniffer-composer-installer": "^0.6 || This Composer plugin will sort out the PHPCS 'installed_paths' automatically."
            },
            "type": "phpcodesniffer-standard",
            "notification-url": "https://packagist.org/downloads/",
            "license": [
                "MIT"
            ],
            "authors": [
                {
                    "name": "Contributors",
                    "homepage": "https://github.com/WordPress/WordPress-Coding-Standards/graphs/contributors"
                }
            ],
            "description": "PHP_CodeSniffer rules (sniffs) to enforce WordPress coding conventions",
            "keywords": [
                "phpcs",
                "standards",
                "wordpress"
            ],
            "support": {
                "issues": "https://github.com/WordPress/WordPress-Coding-Standards/issues",
                "source": "https://github.com/WordPress/WordPress-Coding-Standards",
                "wiki": "https://github.com/WordPress/WordPress-Coding-Standards/wiki"
            },
            "time": "2020-05-13T23:57:56+00:00"
        }
    ],
    "aliases": [],
    "minimum-stability": "stable",
    "stability-flags": [],
    "prefer-stable": false,
    "prefer-lowest": false,
    "platform": {
        "php": "^7.1"
    },
    "platform-dev": [],
    "plugin-api-version": "2.0.0"
}
